
Microsoft Visual Studio Solution File, Format Version 12.00
# Visual Studio Version 16
VisualStudioVersion = 16.0.28917.181
MinimumVisualStudioVersion = 10.0.40219.1
Project("{FAE04EC0-301F-11D3-BF4B-00C04F79EFBC}") = "FracVisualisationSoftware", "FracVisualisationSoftware\FracVisualisationSoftware.csproj", "{F320AFB6-86D9-4E6D-830D-97EE9791CDCC}"
EndProject
Project("{FAE04EC0-301F-11D3-BF4B-00C04F79EFBC}") = "FracVisualisationSoftware.Misc", "FracVisualisationSoftware.Misc1\FracVisualisationSoftware.Misc.csproj", "{9F917799-2300-4B56-9CE9-F1FBF1AA2F15}"
EndProject
Project("{FAE04EC0-301F-11D3-BF4B-00C04F79EFBC}") = "FracVisualisationSoftware.Models", "FracVisualisationSoftware.Models1\FracVisualisationSoftware.Models.csproj", "{770B2572-E31F-4016-BEC2-A206803429E7}"
EndProject
Project("{FAE04EC0-301F-11D3-BF4B-00C04F79EFBC}") = "FracVisualisationSoftware.ViewModels", "FracVisualisationSoftware.ViewModels1\FracVisualisationSoftware.ViewModels.csproj", "{D19E7187-429B-448D-A243-3DC2641C2726}"
EndProject
Global
	GlobalSection(SolutionConfigurationPlatforms) = preSolution
		Debug|Any CPU = Debug|Any CPU
		Release|Any CPU = Release|Any CPU
	EndGlobalSection
	GlobalSection(ProjectConfigurationPlatforms) = postSolution
		{F320AFB6-86D9-4E6D-830D-97EE9791CDCC}.Debug|Any CPU.ActiveCfg = Debug|Any CPU
		{F320AFB6-86D9-4E6D-830D-97EE9791CDCC}.Debug|Any CPU.Build.0 = Debug|Any CPU
		{F320AFB6-86D9-4E6D-830D-97EE9791CDCC}.Release|Any CPU.ActiveCfg = Release|Any CPU
		{F320AFB6-86D9-4E6D-830D-97EE9791CDCC}.Release|Any CPU.Build.0 = Release|Any CPU
		{9F917799-2300-4B56-9CE9-F1FBF1AA2F15}.Debug|Any CPU.ActiveCfg = Debug|Any CPU
		{9F917799-2300-4B56-9CE9-F1FBF1AA2F15}.Debug|Any CPU.Build.0 = Debug|Any CPU
		{9F917799-2300-4B56-9CE9-F1FBF1AA2F15}.Release|Any CPU.ActiveCfg = Release|Any CPU
		{9F917799-2300-4B56-9CE9-F1FBF1AA2F15}.Release|Any CPU.Build.0 = Release|Any CPU
		{770B2572-E31F-4016-BEC2-A206803429E7}.Debug|Any CPU.ActiveCfg = Debug|Any CPU
		{770B2572-E31F-4016-BEC2-A206803429E7}.Debug|Any CPU.Build.0 = Debug|Any CPU
		{770B2572-E31F-4016-BEC2-A206803429E7}.Release|Any CPU.ActiveCfg = Release|Any CPU
		{770B2572-E31F-4016-BEC2-A206803429E7}.Release|Any CPU.Build.0 = Release|Any CPU
		{D19E7187-429B-448D-A243-3DC2641C2726}.Debug|Any CPU.ActiveCfg = Debug|Any CPU
		{D19E7187-429B-448D-A243-3DC2641C2726}.Debug|Any CPU.Build.0 = Debug|Any CPU
		{D19E7187-429B-448D-A243-3DC2641C2726}.Release|Any CPU.ActiveCfg = Release|Any CPU
		{D19E7187-429B-448D-A243-3DC2641C2726}.Release|Any CPU.Build.0 = Release|Any CPU
	EndGlobalSection
	GlobalSection(SolutionProperties) = preSolution
		HideSolutionNode = FALSE
	EndGlobalSection
	GlobalSection(ExtensibilityGlobals) = postSolution
		SolutionGuid = {54665D86-987F-4280-AB60-2C879BF78544}
	EndGlobalSection
EndGlobal
